
Microsoft Visual Studio Solution File, Format Version 11.00
# Visual Studio 2010
Project("{FAE04EC0-301F-11D3-BF4B-00C04F79EFBC}") = "AR-Art", "Assembly-CSharp.csproj", "{38B68A09-6A49-D6D7-DA5E-7D701B8F055C}"
EndProject
Project("{FAE04EC0-301F-11D3-BF4B-00C04F79EFBC}") = "AR-Art", "Assembly-CSharp-Editor.csproj", "{AD0CB181-0D13-5290-5800-A2A09A674E6F}"
EndProject
Global
	GlobalSection(SolutionConfigurationPlatforms) = preSolution
		Debug|Any CPU = Debug|Any CPU
		Release|Any CPU = Release|Any CPU
	EndGlobalSection
	GlobalSection(ProjectConfigurationPlatforms) = postSolution
		{38B68A09-6A49-D6D7-DA5E-7D701B8F055C}.Debug|Any CPU.ActiveCfg = Debug|Any CPU
		{38B68A09-6A49-D6D7-DA5E-7D701B8F055C}.Debug|Any CPU.Build.0 = Debug|Any CPU
		{38B68A09-6A49-D6D7-DA5E-7D701B8F055C}.Release|Any CPU.ActiveCfg = Release|Any CPU
		{38B68A09-6A49-D6D7-DA5E-7D701B8F055C}.Release|Any CPU.Build.0 = Release|Any CPU
		{AD0CB181-0D13-5290-5800-A2A09A674E6F}.Debug|Any CPU.ActiveCfg = Debug|Any CPU
		{AD0CB181-0D13-5290-5800-A2A09A674E6F}.Debug|Any CPU.Build.0 = Debug|Any CPU
		{AD0CB181-0D13-5290-5800-A2A09A674E6F}.Release|Any CPU.ActiveCfg = Release|Any CPU
		{AD0CB181-0D13-5290-5800-A2A09A674E6F}.Release|Any CPU.Build.0 = Release|Any CPU
	EndGlobalSection
	GlobalSection(SolutionProperties) = preSolution
		HideSolutionNode = FALSE
	EndGlobalSection
	GlobalSection(MonoDevelopProperties) = preSolution
		StartupItem = Assembly-CSharp.csproj
	EndGlobalSection
EndGlobal
